
Microsoft Visual Studio Solution File, Format Version 12.00
# Visual Studio Version 16
VisualStudioVersion = 16.6.30114.105
MinimumVisualStudioVersion = 10.0.40219.1
Project("{9A19103F-16F7-4668-BE54-9A1E7A4F7556}") = "R5T.T0113.X0001", "R5T.T0113.X0001\R5T.T0113.X0001.csproj", "{2B602DA1-6DEB-494E-B9DB-3C3BE5E7DB1C}"
EndProject
Project("{2150E333-8FDC-42A3-9474-1A3956D46DE8}") = "_Dependencies", "_Dependencies", "{4EBC7B20-0B3C-4DC4-8D8F-AF6F5860BA93}"
EndProject
Project("{9A19103F-16F7-4668-BE54-9A1E7A4F7556}") = "R5T.T0113", "..\..\R5T.T0113\source\R5T.T0113\R5T.T0113.csproj", "{2ACCB4D9-3FBE-4D1F-A74E-EDB747B3F805}"
EndProject
Project("{9A19103F-16F7-4668-BE54-9A1E7A4F7556}") = "R5T.T0114", "..\..\R5T.T0114\source\R5T.T0114\R5T.T0114.csproj", "{10583C40-F708-4230-A777-2E33B2E7B3F5}"
EndProject
Project("{9A19103F-16F7-4668-BE54-9A1E7A4F7556}") = "R5T.T0110.X001", "..\..\R5T.T0110\source\R5T.T0110.X001\R5T.T0110.X001.csproj", "{D04B8EE6-0B72-42BD-A66B-383FE7D79D43}"
EndProject
Project("{9A19103F-16F7-4668-BE54-9A1E7A4F7556}") = "R5T.T0112.X001", "..\..\R5T.T0112\source\R5T.T0112.X001\R5T.T0112.X001.csproj", "{E86A2EF4-ABF2-4BC1-8505-A30AAAE2C636}"
EndProject
Project("{9A19103F-16F7-4668-BE54-9A1E7A4F7556}") = "R5T.T0040.X000", "..\..\R5T.T0040\source\R5T.T0040.X000\R5T.T0040.X000.csproj", "{7E4AE2C4-C32C-4221-9E3A-D6E754DAEDA1}"
EndProject
Project("{9A19103F-16F7-4668-BE54-9A1E7A4F7556}") = "R5T.T0115.X001", "..\..\R5T.T0115\source\R5T.T0115.X001\R5T.T0115.X001.csproj", "{B6607E2E-15FF-4142-8C87-3921BF9378A1}"
EndProject
Project("{9A19103F-16F7-4668-BE54-9A1E7A4F7556}") = "R5T.T0112.X0001", "..\..\R5T.T0112.X0001\source\R5T.T0112.X0001\R5T.T0112.X0001.csproj", "{E2DFC4CF-EEB6-4CC6-89AF-894E1136CD37}"
EndProject
Project("{9A19103F-16F7-4668-BE54-9A1E7A4F7556}") = "R5T.T0115.X0001", "..\..\R5T.T0115.X0001\source\R5T.T0115.X0001\R5T.T0115.X0001.csproj", "{48F35D8F-17E2-46F7-A8B6-D6EC534653EB}"
EndProject
Project("{9A19103F-16F7-4668-BE54-9A1E7A4F7556}") = "R5T.D0078.Base", "..\..\R5T.D0078\source\R5T.D0078.Base\R5T.D0078.Base.csproj", "{322E2268-08E3-4DD5-88CA-40895F3E88E1}"
EndProject
Project("{9A19103F-16F7-4668-BE54-9A1E7A4F7556}") = "R5T.T0106", "..\..\R5T.T0106\source\R5T.T0106\R5T.T0106.csproj", "{41063254-AF10-4650-9F14-1D32F52CF8BB}"
EndProject
Project("{9A19103F-16F7-4668-BE54-9A1E7A4F7556}") = "R5T.T0040.X001", "..\..\R5T.T0040\source\R5T.T0040.X001\R5T.T0040.X001.csproj", "{038B57A9-5E8E-42EE-9F97-CFE584EA7549}"
EndProject
Project("{9A19103F-16F7-4668-BE54-9A1E7A4F7556}") = "R5T.T0040.X0001", "..\..\R5T.T0040.X0001\source\R5T.T0040.X0001\R5T.T0040.X0001.csproj", "{31507D84-9F15-4B91-82F3-3D053621C9AC}"
EndProject
Project("{9A19103F-16F7-4668-BE54-9A1E7A4F7556}") = "R5T.D0079.Base", "..\..\R5T.D0079\source\R5T.D0079.Base\R5T.D0079.Base.csproj", "{C77488FB-29DE-4F61-8F16-8B0C54498C34}"
EndProject
Project("{9A19103F-16F7-4668-BE54-9A1E7A4F7556}") = "R5T.Lombardy.Base", "..\..\R5T.Lombardy.Base\source\R5T.Lombardy.Base\R5T.Lombardy.Base.csproj", "{47DBFD16-BD45-420E-B7E3-BFD969B9433F}"
EndProject
Project("{9A19103F-16F7-4668-BE54-9A1E7A4F7556}") = "R5T.T0029.Dotnet.T001", "..\..\R5T.T0029.Dotnet\source\R5T.T0029.Dotnet.T001\R5T.T0029.Dotnet.T001.csproj", "{82822C33-610F-45DC-87C8-0F7548793640}"
EndProject
Project("{9A19103F-16F7-4668-BE54-9A1E7A4F7556}") = "R5T.T0039.T002", "..\..\R5T.T0039\source\R5T.T0039.T002\R5T.T0039.T002.csproj", "{B1B119F2-B1C7-4B99-8A9F-C350617C22EA}"
EndProject
Project("{9A19103F-16F7-4668-BE54-9A1E7A4F7556}") = "R5T.Magyar", "..\..\R5T.Magyar\source\R5T.Magyar\R5T.Magyar.csproj", "{9C03CDCC-8EB2-4EC4-8242-A033105EA9F7}"
EndProject
Project("{9A19103F-16F7-4668-BE54-9A1E7A4F7556}") = "R5T.T0064", "..\..\R5T.T0064\source\R5T.T0064\R5T.T0064.csproj", "{6A900E1C-8C4A-4840-A267-5CB19689307D}"
EndProject
Project("{9A19103F-16F7-4668-BE54-9A1E7A4F7556}") = "R5T.D0078.T0032", "..\..\R5T.D0078\source\R5T.D0078.T0032\R5T.D0078.T0032.csproj", "{FEA87ACF-B46A-4ED4-9D21-4EC8BE509AE0}"
EndProject
Project("{9A19103F-16F7-4668-BE54-9A1E7A4F7556}") = "R5T.T0032", "..\..\R5T.T0032\source\R5T.T0032\R5T.T0032.csproj", "{BD92B168-A080-4C48-8068-526219BE562F}"
EndProject
Project("{9A19103F-16F7-4668-BE54-9A1E7A4F7556}") = "R5T.T0021.X0001", "..\..\R5T.T0021.X0001\source\R5T.T0021.X0001\R5T.T0021.X0001.csproj", "{8E287407-3147-4096-BDAD-7ADFADB9DA8A}"
EndProject
Project("{9A19103F-16F7-4668-BE54-9A1E7A4F7556}") = "R5T.T0021", "..\..\R5T.T0021\source\R5T.T0021\R5T.T0021.csproj", "{3D09AB41-E3E8-4B1A-92A8-A80F198A602B}"
EndProject
Project("{9A19103F-16F7-4668-BE54-9A1E7A4F7556}") = "R5T.T0021.X002", "..\..\R5T.T0021\source\R5T.T0021.X002\R5T.T0021.X002.csproj", "{B29A9955-C6AC-437D-BA56-5389C9299B72}"
EndProject
Project("{9A19103F-16F7-4668-BE54-9A1E7A4F7556}") = "R5T.T0037.X001", "..\..\R5T.T0037\source\R5T.T0037.X001\R5T.T0037.X001.csproj", "{227C0629-5E95-4B15-B3F4-EB6139FAD9B1}"
EndProject
Project("{9A19103F-16F7-4668-BE54-9A1E7A4F7556}") = "R5T.T0037", "..\..\R5T.T0037\source\R5T.T0037\R5T.T0037.csproj", "{AD8BA3DA-00E3-40BA-B02A-EF9F9721F439}"
EndProject
Project("{9A19103F-16F7-4668-BE54-9A1E7A4F7556}") = "R5T.T0037.X002", "..\..\R5T.T0037\source\R5T.T0037.X002\R5T.T0037.X002.csproj", "{72856309-5096-48AD-A19D-B008202395B7}"
EndProject
Project("{9A19103F-16F7-4668-BE54-9A1E7A4F7556}") = "R5T.T0041.X002", "..\..\R5T.T0041\source\R5T.T0041.X002\R5T.T0041.X002.csproj", "{CDE10FB3-6380-4313-AEC3-8AE91047A8EE}"
EndProject
Project("{9A19103F-16F7-4668-BE54-9A1E7A4F7556}") = "R5T.Magyar.T002", "..\..\R5T.Magyar\source\R5T.Magyar.T002\R5T.Magyar.T002.csproj", "{F5383D5A-2DDE-44F1-B211-E1783CC35210}"
EndProject
Project("{9A19103F-16F7-4668-BE54-9A1E7A4F7556}") = "R5T.T0042.X001", "..\..\R5T.T0042\source\R5T.T0042.X001\R5T.T0042.X001.csproj", "{4F59E4A5-2C1A-4052-9549-E1F8719AFA9B}"
EndProject
Project("{9A19103F-16F7-4668-BE54-9A1E7A4F7556}") = "R5T.T0042", "..\..\R5T.T0042\source\R5T.T0042\R5T.T0042.csproj", "{26AC4D49-C7C3-43F5-9F3D-D27696565176}"
EndProject
Project("{9A19103F-16F7-4668-BE54-9A1E7A4F7556}") = "R5T.T0041.X001", "..\..\R5T.T0041\source\R5T.T0041.X001\R5T.T0041.X001.csproj", "{7140B1C4-45AA-4680-9881-EB83BFC26EFF}"
EndProject
Project("{9A19103F-16F7-4668-BE54-9A1E7A4F7556}") = "R5T.T0041", "..\..\R5T.T0041\source\R5T.T0041\R5T.T0041.csproj", "{FFC35AA5-0112-4EC1-A301-F02FFF8F5891}"
EndProject
Project("{9A19103F-16F7-4668-BE54-9A1E7A4F7556}") = "R5T.T0040", "..\..\R5T.T0040\source\R5T.T0040\R5T.T0040.csproj", "{AF25481C-2270-438A-8FF2-7A746AEF8856}"
EndProject
Project("{9A19103F-16F7-4668-BE54-9A1E7A4F7556}") = "R5T.T0044.X001", "..\..\R5T.T0044\source\R5T.T0044.X001\R5T.T0044.X001.csproj", "{5B65BB95-8D0B-4D59-A8F7-1EAA01E914A3}"
EndProject
Project("{9A19103F-16F7-4668-BE54-9A1E7A4F7556}") = "R5T.T0044", "..\..\R5T.T0044\source\R5T.T0044\R5T.T0044.csproj", "{B5FEE6CB-9F8F-4C0A-92DB-039928AD96A4}"
EndProject
Project("{9A19103F-16F7-4668-BE54-9A1E7A4F7556}") = "R5T.T0032.X0001.X002", "..\..\R5T.T0032.X0001\source\R5T.T0032.X0001.X002\R5T.T0032.X0001.X002.csproj", "{60CFAEA5-C586-4B00-8DE6-EFC78F8B857F}"
EndProject
Project("{9A19103F-16F7-4668-BE54-9A1E7A4F7556}") = "R5T.T0105", "..\..\R5T.T0105\source\R5T.T0105\R5T.T0105.csproj", "{241E29A0-1104-47D9-84B9-4E07296C3F7A}"
EndProject
Project("{9A19103F-16F7-4668-BE54-9A1E7A4F7556}") = "R5T.T0110", "..\..\R5T.T0110\source\R5T.T0110\R5T.T0110.csproj", "{B5AF6F52-828A-4FA8-AA6D-69737E44C933}"
EndProject
Project("{9A19103F-16F7-4668-BE54-9A1E7A4F7556}") = "R5T.T0112", "..\..\R5T.T0112\source\R5T.T0112\R5T.T0112.csproj", "{8EB26A03-5715-4EB5-A9EC-03F761FB426B}"
EndProject
Project("{9A19103F-16F7-4668-BE54-9A1E7A4F7556}") = "R5T.T0115", "..\..\R5T.T0115\source\R5T.T0115\R5T.T0115.csproj", "{5D230F24-72E9-4515-8402-DE09EB054A3F}"
EndProject
Project("{9A19103F-16F7-4668-BE54-9A1E7A4F7556}") = "R5T.T0116.X0001", "..\..\R5T.T0116.X0001\source\R5T.T0116.X0001\R5T.T0116.X0001.csproj", "{C958D96D-F438-4007-90FD-49350C49C152}"
EndProject
Project("{9A19103F-16F7-4668-BE54-9A1E7A4F7556}") = "R5T.T0106.X000", "..\..\R5T.T0106\source\R5T.T0106.X000\R5T.T0106.X000.csproj", "{1AF99C50-D0B1-4FD8-92E9-C43D48765F4D}"
EndProject
Project("{9A19103F-16F7-4668-BE54-9A1E7A4F7556}") = "R5T.T0117.X0001", "..\..\R5T.T0117.X0001\source\R5T.T0117.X0001\R5T.T0117.X0001.csproj", "{0AEE4C5D-EECC-42F1-8C70-7DE6FA081174}"
EndProject
Project("{9A19103F-16F7-4668-BE54-9A1E7A4F7556}") = "R5T.T0045.X002", "..\..\R5T.T0045\source\R5T.T0045.X002\R5T.T0045.X002.csproj", "{0D833255-0776-4AFE-A41F-A442C4292A2F}"
EndProject
Project("{9A19103F-16F7-4668-BE54-9A1E7A4F7556}") = "R5T.T0045.X0001", "..\..\R5T.T0045.X0001\source\R5T.T0045.X0001\R5T.T0045.X0001.csproj", "{356CC526-D64D-463D-8D3C-2F136B472E02}"
EndProject
Global
	GlobalSection(SolutionConfigurationPlatforms) = preSolution
		Debug|Any CPU = Debug|Any CPU
		Debug|x64 = Debug|x64
		Debug|x86 = Debug|x86
		Release|Any CPU = Release|Any CPU
		Release|x64 = Release|x64
		Release|x86 = Release|x86
	EndGlobalSection
	GlobalSection(ProjectConfigurationPlatforms) = postSolution
		{2B602DA1-6DEB-494E-B9DB-3C3BE5E7DB1C}.Debug|Any CPU.ActiveCfg = Debug|Any CPU
		{2B602DA1-6DEB-494E-B9DB-3C3BE5E7DB1C}.Debug|Any CPU.Build.0 = Debug|Any CPU
		{2B602DA1-6DEB-494E-B9DB-3C3BE5E7DB1C}.Debug|x64.ActiveCfg = Debug|Any CPU
		{2B602DA1-6DEB-494E-B9DB-3C3BE5E7DB1C}.Debug|x64.Build.0 = Debug|Any CPU
		{2B602DA1-6DEB-494E-B9DB-3C3BE5E7DB1C}.Debug|x86.ActiveCfg = Debug|Any CPU
		{2B602DA1-6DEB-494E-B9DB-3C3BE5E7DB1C}.Debug|x86.Build.0 = Debug|Any CPU
		{2B602DA1-6DEB-494E-B9DB-3C3BE5E7DB1C}.Release|Any CPU.ActiveCfg = Release|Any CPU
		{2B602DA1-6DEB-494E-B9DB-3C3BE5E7DB1C}.Release|Any CPU.Build.0 = Release|Any CPU
		{2B602DA1-6DEB-494E-B9DB-3C3BE5E7DB1C}.Release|x64.ActiveCfg = Release|Any CPU
		{2B602DA1-6DEB-494E-B9DB-3C3BE5E7DB1C}.Release|x64.Build.0 = Release|Any CPU
		{2B602DA1-6DEB-494E-B9DB-3C3BE5E7DB1C}.Release|x86.ActiveCfg = Release|Any CPU
		{2B602DA1-6DEB-494E-B9DB-3C3BE5E7DB1C}.Release|x86.Build.0 = Release|Any CPU
		{2ACCB4D9-3FBE-4D1F-A74E-EDB747B3F805}.Debug|Any CPU.ActiveCfg = Debug|Any CPU
		{2ACCB4D9-3FBE-4D1F-A74E-EDB747B3F805}.Debug|Any CPU.Build.0 = Debug|Any CPU
		{2ACCB4D9-3FBE-4D1F-A74E-EDB747B3F805}.Debug|x64.ActiveCfg = Debug|Any CPU
		{2ACCB4D9-3FBE-4D1F-A74E-EDB747B3F805}.Debug|x64.Build.0 = Debug|Any CPU
		{2ACCB4D9-3FBE-4D1F-A74E-EDB747B3F805}.Debug|x86.ActiveCfg = Debug|Any CPU
		{2ACCB4D9-3FBE-4D1F-A74E-EDB747B3F805}.Debug|x86.Build.0 = Debug|Any CPU
		{2ACCB4D9-3FBE-4D1F-A74E-EDB747B3F805}.Release|Any CPU.ActiveCfg = Release|Any CPU
		{2ACCB4D9-3FBE-4D1F-A74E-EDB747B3F805}.Release|Any CPU.Build.0 = Release|Any CPU
		{2ACCB4D9-3FBE-4D1F-A74E-EDB747B3F805}.Release|x64.ActiveCfg = Release|Any CPU
		{2ACCB4D9-3FBE-4D1F-A74E-EDB747B3F805}.Release|x64.Build.0 = Release|Any CPU
		{2ACCB4D9-3FBE-4D1F-A74E-EDB747B3F805}.Release|x86.ActiveCfg = Release|Any CPU
		{2ACCB4D9-3FBE-4D1F-A74E-EDB747B3F805}.Release|x86.Build.0 = Release|Any CPU
		{10583C40-F708-4230-A777-2E33B2E7B3F5}.Debug|Any CPU.ActiveCfg = Debug|Any CPU
		{10583C40-F708-4230-A777-2E33B2E7B3F5}.Debug|Any CPU.Build.0 = Debug|Any CPU
		{10583C40-F708-4230-A777-2E33B2E7B3F5}.Debug|x64.ActiveCfg = Debug|Any CPU
		{10583C40-F708-4230-A777-2E33B2E7B3F5}.Debug|x64.Build.0 = Debug|Any CPU
		{10583C40-F708-4230-A777-2E33B2E7B3F5}.Debug|x86.ActiveCfg = Debug|Any CPU
		{10583C40-F708-4230-A777-2E33B2E7B3F5}.Debug|x86.Build.0 = Debug|Any CPU
		{10583C40-F708-4230-A777-2E33B2E7B3F5}.Release|Any CPU.ActiveCfg = Release|Any CPU
		{10583C40-F708-4230-A777-2E33B2E7B3F5}.Release|Any CPU.Build.0 = Release|Any CPU
		{10583C40-F708-4230-A777-2E33B2E7B3F5}.Release|x64.ActiveCfg = Release|Any CPU
		{10583C40-F708-4230-A777-2E33B2E7B3F5}.Release|x64.Build.0 = Release|Any CPU
		{10583C40-F708-4230-A777-2E33B2E7B3F5}.Release|x86.ActiveCfg = Release|Any CPU
		{10583C40-F708-4230-A777-2E33B2E7B3F5}.Release|x86.Build.0 = Release|Any CPU
		{D04B8EE6-0B72-42BD-A66B-383FE7D79D43}.Debug|Any CPU.ActiveCfg = Debug|Any CPU
		{D04B8EE6-0B72-42BD-A66B-383FE7D79D43}.Debug|Any CPU.Build.0 = Debug|Any CPU
		{D04B8EE6-0B72-42BD-A66B-383FE7D79D43}.Debug|x64.ActiveCfg = Debug|Any CPU
		{D04B8EE6-0B72-42BD-A66B-383FE7D79D43}.Debug|x64.Build.0 = Debug|Any CPU
		{D04B8EE6-0B72-42BD-A66B-383FE7D79D43}.Debug|x86.ActiveCfg = Debug|Any CPU
		{D04B8EE6-0B72-42BD-A66B-383FE7D79D43}.Debug|x86.Build.0 = Debug|Any CPU
		{D04B8EE6-0B72-42BD-A66B-383FE7D79D43}.Release|Any CPU.ActiveCfg = Release|Any CPU
		{D04B8EE6-0B72-42BD-A66B-383FE7D79D43}.Release|Any CPU.Build.0 = Release|Any CPU
		{D04B8EE6-0B72-42BD-A66B-383FE7D79D43}.Release|x64.ActiveCfg = Release|Any CPU
		{D04B8EE6-0B72-42BD-A66B-383FE7D79D43}.Release|x64.Build.0 = Release|Any CPU
		{D04B8EE6-0B72-42BD-A66B-383FE7D79D43}.Release|x86.ActiveCfg = Release|Any CPU
		{D04B8EE6-0B72-42BD-A66B-383FE7D79D43}.Release|x86.Build.0 = Release|Any CPU
		{E86A2EF4-ABF2-4BC1-8505-A30AAAE2C636}.Debug|Any CPU.ActiveCfg = Debug|Any CPU
		{E86A2EF4-ABF2-4BC1-8505-A30AAAE2C636}.Debug|Any CPU.Build.0 = Debug|Any CPU
		{E86A2EF4-ABF2-4BC1-8505-A30AAAE2C636}.Debug|x64.ActiveCfg = Debug|Any CPU
		{E86A2EF4-ABF2-4BC1-8505-A30AAAE2C636}.Debug|x64.Build.0 = Debug|Any CPU
		{E86A2EF4-ABF2-4BC1-8505-A30AAAE2C636}.Debug|x86.ActiveCfg = Debug|Any CPU
		{E86A2EF4-ABF2-4BC1-8505-A30AAAE2C636}.Debug|x86.Build.0 = Debug|Any CPU
		{E86A2EF4-ABF2-4BC1-8505-A30AAAE2C636}.Release|Any CPU.ActiveCfg = Release|Any CPU
		{E86A2EF4-ABF2-4BC1-8505-A30AAAE2C636}.Release|Any CPU.Build.0 = Release|Any CPU
		{E86A2EF4-ABF2-4BC1-8505-A30AAAE2C636}.Release|x64.ActiveCfg = Release|Any CPU
		{E86A2EF4-ABF2-4BC1-8505-A30AAAE2C636}.Release|x64.Build.0 = Release|Any CPU
		{E86A2EF4-ABF2-4BC1-8505-A30AAAE2C636}.Release|x86.ActiveCfg = Release|Any CPU
		{E86A2EF4-ABF2-4BC1-8505-A30AAAE2C636}.Release|x86.Build.0 = Release|Any CPU
		{7E4AE2C4-C32C-4221-9E3A-D6E754DAEDA1}.Debug|Any CPU.ActiveCfg = Debug|Any CPU
		{7E4AE2C4-C32C-4221-9E3A-D6E754DAEDA1}.Debug|Any CPU.Build.0 = Debug|Any CPU
		{7E4AE2C4-C32C-4221-9E3A-D6E754DAEDA1}.Debug|x64.ActiveCfg = Debug|Any CPU
		{7E4AE2C4-C32C-4221-9E3A-D6E754DAEDA1}.Debug|x64.Build.0 = Debug|Any CPU
		{7E4AE2C4-C32C-4221-9E3A-D6E754DAEDA1}.Debug|x86.ActiveCfg = Debug|Any CPU
		{7E4AE2C4-C32C-4221-9E3A-D6E754DAEDA1}.Debug|x86.Build.0 = Debug|Any CPU
		{7E4AE2C4-C32C-4221-9E3A-D6E754DAEDA1}.Release|Any CPU.ActiveCfg = Release|Any CPU
		{7E4AE2C4-C32C-4221-9E3A-D6E754DAEDA1}.Release|Any CPU.Build.0 = Release|Any CPU
		{7E4AE2C4-C32C-4221-9E3A-D6E754DAEDA1}.Release|x64.ActiveCfg = Release|Any CPU
		{7E4AE2C4-C32C-4221-9E3A-D6E754DAEDA1}.Release|x64.Build.0 = Release|Any CPU
		{7E4AE2C4-C32C-4221-9E3A-D6E754DAEDA1}.Release|x86.ActiveCfg = Release|Any CPU
		{7E4AE2C4-C32C-4221-9E3A-D6E754DAEDA1}.Release|x86.Build.0 = Release|Any CPU
		{B6607E2E-15FF-4142-8C87-3921BF9378A1}.Debug|Any CPU.ActiveCfg = Debug|Any CPU
		{B6607E2E-15FF-4142-8C87-3921BF9378A1}.Debug|Any CPU.Build.0 = Debug|Any CPU
		{B6607E2E-15FF-4142-8C87-3921BF9378A1}.Debug|x64.ActiveCfg = Debug|Any CPU
		{B6607E2E-15FF-4142-8C87-3921BF9378A1}.Debug|x64.Build.0 = Debug|Any CPU
		{B6607E2E-15FF-4142-8C87-3921BF9378A1}.Debug|x86.ActiveCfg = Debug|Any CPU
		{B6607E2E-15FF-4142-8C87-3921BF9378A1}.Debug|x86.Build.0 = Debug|Any CPU
		{B6607E2E-15FF-4142-8C87-3921BF9378A1}.Release|Any CPU.ActiveCfg = Release|Any CPU
		{B6607E2E-15FF-4142-8C87-3921BF9378A1}.Release|Any CPU.Build.0 = Release|Any CPU
		{B6607E2E-15FF-4142-8C87-3921BF9378A1}.Release|x64.ActiveCfg = Release|Any CPU
		{B6607E2E-15FF-4142-8C87-3921BF9378A1}.Release|x64.Build.0 = Release|Any CPU
		{B6607E2E-15FF-4142-8C87-3921BF9378A1}.Release|x86.ActiveCfg = Release|Any CPU
		{B6607E2E-15FF-4142-8C87-3921BF9378A1}.Release|x86.Build.0 = Release|Any CPU
		{E2DFC4CF-EEB6-4CC6-89AF-894E1136CD37}.Debug|Any CPU.ActiveCfg = Debug|Any CPU
		{E2DFC4CF-EEB6-4CC6-89AF-894E1136CD37}.Debug|Any CPU.Build.0 = Debug|Any CPU
		{E2DFC4CF-EEB6-4CC6-89AF-894E1136CD37}.Debug|x64.ActiveCfg = Debug|Any CPU
		{E2DFC4CF-EEB6-4CC6-89AF-894E1136CD37}.Debug|x64.Build.0 = Debug|Any CPU
		{E2DFC4CF-EEB6-4CC6-89AF-894E1136CD37}.Debug|x86.ActiveCfg = Debug|Any CPU
		{E2DFC4CF-EEB6-4CC6-89AF-894E1136CD37}.Debug|x86.Build.0 = Debug|Any CPU
		{E2DFC4CF-EEB6-4CC6-89AF-894E1136CD37}.Release|Any CPU.ActiveCfg = Release|Any CPU
		{E2DFC4CF-EEB6-4CC6-89AF-894E1136CD37}.Release|Any CPU.Build.0 = Release|Any CPU
		{E2DFC4CF-EEB6-4CC6-89AF-894E1136CD37}.Release|x64.ActiveCfg = Release|Any CPU
		{E2DFC4CF-EEB6-4CC6-89AF-894E1136CD37}.Release|x64.Build.0 = Release|Any CPU
		{E2DFC4CF-EEB6-4CC6-89AF-894E1136CD37}.Release|x86.ActiveCfg = Release|Any CPU
		{E2DFC4CF-EEB6-4CC6-89AF-894E1136CD37}.Release|x86.Build.0 = Release|Any CPU
		{48F35D8F-17E2-46F7-A8B6-D6EC534653EB}.Debug|Any CPU.ActiveCfg = Debug|Any CPU
		{48F35D8F-17E2-46F7-A8B6-D6EC534653EB}.Debug|Any CPU.Build.0 = Debug|Any CPU
		{48F35D8F-17E2-46F7-A8B6-D6EC534653EB}.Debug|x64.ActiveCfg = Debug|Any CPU
		{48F35D8F-17E2-46F7-A8B6-D6EC534653EB}.Debug|x64.Build.0 = Debug|Any CPU
		{48F35D8F-17E2-46F7-A8B6-D6EC534653EB}.Debug|x86.ActiveCfg = Debug|Any CPU
		{48F35D8F-17E2-46F7-A8B6-D6EC534653EB}.Debug|x86.Build.0 = Debug|Any CPU
		{48F35D8F-17E2-46F7-A8B6-D6EC534653EB}.Release|Any CPU.ActiveCfg = Release|Any CPU
		{48F35D8F-17E2-46F7-A8B6-D6EC534653EB}.Release|Any CPU.Build.0 = Release|Any CPU
		{48F35D8F-17E2-46F7-A8B6-D6EC534653EB}.Release|x64.ActiveCfg = Release|Any CPU
		{48F35D8F-17E2-46F7-A8B6-D6EC534653EB}.Release|x64.Build.0 = Release|Any CPU
		{48F35D8F-17E2-46F7-A8B6-D6EC534653EB}.Release|x86.ActiveCfg = Release|Any CPU
		{48F35D8F-17E2-46F7-A8B6-D6EC534653EB}.Release|x86.Build.0 = Release|Any CPU
		{322E2268-08E3-4DD5-88CA-40895F3E88E1}.Debug|Any CPU.ActiveCfg = Debug|Any CPU
		{322E2268-08E3-4DD5-88CA-40895F3E88E1}.Debug|Any CPU.Build.0 = Debug|Any CPU
		{322E2268-08E3-4DD5-88CA-40895F3E88E1}.Debug|x64.ActiveCfg = Debug|Any CPU
		{322E2268-08E3-4DD5-88CA-40895F3E88E1}.Debug|x64.Build.0 = Debug|Any CPU
		{322E2268-08E3-4DD5-88CA-40895F3E88E1}.Debug|x86.ActiveCfg = Debug|Any CPU
		{322E2268-08E3-4DD5-88CA-40895F3E88E1}.Debug|x86.Build.0 = Debug|Any CPU
		{322E2268-08E3-4DD5-88CA-40895F3E88E1}.Release|Any CPU.ActiveCfg = Release|Any CPU
		{322E2268-08E3-4DD5-88CA-40895F3E88E1}.Release|Any CPU.Build.0 = Release|Any CPU
		{322E2268-08E3-4DD5-88CA-40895F3E88E1}.Release|x64.ActiveCfg = Release|Any CPU
		{322E2268-08E3-4DD5-88CA-40895F3E88E1}.Release|x64.Build.0 = Release|Any CPU
		{322E2268-08E3-4DD5-88CA-40895F3E88E1}.Release|x86.ActiveCfg = Release|Any CPU
		{322E2268-08E3-4DD5-88CA-40895F3E88E1}.Release|x86.Build.0 = Release|Any CPU
		{41063254-AF10-4650-9F14-1D32F52CF8BB}.Debug|Any CPU.ActiveCfg = Debug|Any CPU
		{41063254-AF10-4650-9F14-1D32F52CF8BB}.Debug|Any CPU.Build.0 = Debug|Any CPU
		{41063254-AF10-4650-9F14-1D32F52CF8BB}.Debug|x64.ActiveCfg = Debug|Any CPU
		{41063254-AF10-4650-9F14-1D32F52CF8BB}.Debug|x64.Build.0 = Debug|Any CPU
		{41063254-AF10-4650-9F14-1D32F52CF8BB}.Debug|x86.ActiveCfg = Debug|Any CPU
		{41063254-AF10-4650-9F14-1D32F52CF8BB}.Debug|x86.Build.0 = Debug|Any CPU
		{41063254-AF10-4650-9F14-1D32F52CF8BB}.Release|Any CPU.ActiveCfg = Release|Any CPU
		{41063254-AF10-4650-9F14-1D32F52CF8BB}.Release|Any CPU.Build.0 = Release|Any CPU
		{41063254-AF10-4650-9F14-1D32F52CF8BB}.Release|x64.ActiveCfg = Release|Any CPU
		{41063254-AF10-4650-9F14-1D32F52CF8BB}.Release|x64.Build.0 = Release|Any CPU
		{41063254-AF10-4650-9F14-1D32F52CF8BB}.Release|x86.ActiveCfg = Release|Any CPU
		{41063254-AF10-4650-9F14-1D32F52CF8BB}.Release|x86.Build.0 = Release|Any CPU
		{038B57A9-5E8E-42EE-9F97-CFE584EA7549}.Debug|Any CPU.ActiveCfg = Debug|Any CPU
		{038B57A9-5E8E-42EE-9F97-CFE584EA7549}.Debug|Any CPU.Build.0 = Debug|Any CPU
		{038B57A9-5E8E-42EE-9F97-CFE584EA7549}.Debug|x64.ActiveCfg = Debug|Any CPU
		{038B57A9-5E8E-42EE-9F97-CFE584EA7549}.Debug|x64.Build.0 = Debug|Any CPU
		{038B57A9-5E8E-42EE-9F97-CFE584EA7549}.Debug|x86.ActiveCfg = Debug|Any CPU
		{038B57A9-5E8E-42EE-9F97-CFE584EA7549}.Debug|x86.Build.0 = Debug|Any CPU
		{038B57A9-5E8E-42EE-9F97-CFE584EA7549}.Release|Any CPU.ActiveCfg = Release|Any CPU
		{038B57A9-5E8E-42EE-9F97-CFE584EA7549}.Release|Any CPU.Build.0 = Release|Any CPU
		{038B57A9-5E8E-42EE-9F97-CFE584EA7549}.Release|x64.ActiveCfg = Release|Any CPU
		{038B57A9-5E8E-42EE-9F97-CFE584EA7549}.Release|x64.Build.0 = Release|Any CPU
		{038B57A9-5E8E-42EE-9F97-CFE584EA7549}.Release|x86.ActiveCfg = Release|Any CPU
		{038B57A9-5E8E-42EE-9F97-CFE584EA7549}.Release|x86.Build.0 = Release|Any CPU
		{31507D84-9F15-4B91-82F3-3D053621C9AC}.Debug|Any CPU.ActiveCfg = Debug|Any CPU
		{31507D84-9F15-4B91-82F3-3D053621C9AC}.Debug|Any CPU.Build.0 = Debug|Any CPU
		{31507D84-9F15-4B91-82F3-3D053621C9AC}.Debug|x64.ActiveCfg = Debug|Any CPU
		{31507D84-9F15-4B91-82F3-3D053621C9AC}.Debug|x64.Build.0 = Debug|Any CPU
		{31507D84-9F15-4B91-82F3-3D053621C9AC}.Debug|x86.ActiveCfg = Debug|Any CPU
		{31507D84-9F15-4B91-82F3-3D053621C9AC}.Debug|x86.Build.0 = Debug|Any CPU
		{31507D84-9F15-4B91-82F3-3D053621C9AC}.Release|Any CPU.ActiveCfg = Release|Any CPU
		{31507D84-9F15-4B91-82F3-3D053621C9AC}.Release|Any CPU.Build.0 = Release|Any CPU
		{31507D84-9F15-4B91-82F3-3D053621C9AC}.Release|x64.ActiveCfg = Release|Any CPU
		{31507D84-9F15-4B91-82F3-3D053621C9AC}.Release|x64.Build.0 = Release|Any CPU
		{31507D84-9F15-4B91-82F3-3D053621C9AC}.Release|x86.ActiveCfg = Release|Any CPU
		{31507D84-9F15-4B91-82F3-3D053621C9AC}.Release|x86.Build.0 = Release|Any CPU
		{C77488FB-29DE-4F61-8F16-8B0C54498C34}.Debug|Any CPU.ActiveCfg = Debug|Any CPU
		{C77488FB-29DE-4F61-8F16-8B0C54498C34}.Debug|Any CPU.Build.0 = Debug|Any CPU
		{C77488FB-29DE-4F61-8F16-8B0C54498C34}.Debug|x64.ActiveCfg = Debug|Any CPU
		{C77488FB-29DE-4F61-8F16-8B0C54498C34}.Debug|x64.Build.0 = Debug|Any CPU
		{C77488FB-29DE-4F61-8F16-8B0C54498C34}.Debug|x86.ActiveCfg = Debug|Any CPU
		{C77488FB-29DE-4F61-8F16-8B0C54498C34}.Debug|x86.Build.0 = Debug|Any CPU
		{C77488FB-29DE-4F61-8F16-8B0C54498C34}.Release|Any CPU.ActiveCfg = Release|Any CPU
		{C77488FB-29DE-4F61-8F16-8B0C54498C34}.Release|Any CPU.Build.0 = Release|Any CPU
		{C77488FB-29DE-4F61-8F16-8B0C54498C34}.Release|x64.ActiveCfg = Release|Any CPU
		{C77488FB-29DE-4F61-8F16-8B0C54498C34}.Release|x64.Build.0 = Release|Any CPU
		{C77488FB-29DE-4F61-8F16-8B0C54498C34}.Release|x86.ActiveCfg = Release|Any CPU
		{C77488FB-29DE-4F61-8F16-8B0C54498C34}.Release|x86.Build.0 = Release|Any CPU
		{47DBFD16-BD45-420E-B7E3-BFD969B9433F}.Debug|Any CPU.ActiveCfg = Debug|Any CPU
		{47DBFD16-BD45-420E-B7E3-BFD969B9433F}.Debug|Any CPU.Build.0 = Debug|Any CPU
		{47DBFD16-BD45-420E-B7E3-BFD969B9433F}.Debug|x64.ActiveCfg = Debug|Any CPU
		{47DBFD16-BD45-420E-B7E3-BFD969B9433F}.Debug|x64.Build.0 = Debug|Any CPU
		{47DBFD16-BD45-420E-B7E3-BFD969B9433F}.Debug|x86.ActiveCfg = Debug|Any CPU
		{47DBFD16-BD45-420E-B7E3-BFD969B9433F}.Debug|x86.Build.0 = Debug|Any CPU
		{47DBFD16-BD45-420E-B7E3-BFD969B9433F}.Release|Any CPU.ActiveCfg = Release|Any CPU
		{47DBFD16-BD45-420E-B7E3-BFD969B9433F}.Release|Any CPU.Build.0 = Release|Any CPU
		{47DBFD16-BD45-420E-B7E3-BFD969B9433F}.Release|x64.ActiveCfg = Release|Any CPU
		{47DBFD16-BD45-420E-B7E3-BFD969B9433F}.Release|x64.Build.0 = Release|Any CPU
		{47DBFD16-BD45-420E-B7E3-BFD969B9433F}.Release|x86.ActiveCfg = Release|Any CPU
		{47DBFD16-BD45-420E-B7E3-BFD969B9433F}.Release|x86.Build.0 = Release|Any CPU
		{82822C33-610F-45DC-87C8-0F7548793640}.Debug|Any CPU.ActiveCfg = Debug|Any CPU
		{82822C33-610F-45DC-87C8-0F7548793640}.Debug|Any CPU.Build.0 = Debug|Any CPU
		{82822C33-610F-45DC-87C8-0F7548793640}.Debug|x64.ActiveCfg = Debug|Any CPU
		{82822C33-610F-45DC-87C8-0F7548793640}.Debug|x64.Build.0 = Debug|Any CPU
		{82822C33-610F-45DC-87C8-0F7548793640}.Debug|x86.ActiveCfg = Debug|Any CPU
		{82822C33-610F-45DC-87C8-0F7548793640}.Debug|x86.Build.0 = Debug|Any CPU
		{82822C33-610F-45DC-87C8-0F7548793640}.Release|Any CPU.ActiveCfg = Release|Any CPU
		{82822C33-610F-45DC-87C8-0F7548793640}.Release|Any CPU.Build.0 = Release|Any CPU
		{82822C33-610F-45DC-87C8-0F7548793640}.Release|x64.ActiveCfg = Release|Any CPU
		{82822C33-610F-45DC-87C8-0F7548793640}.Release|x64.Build.0 = Release|Any CPU
		{82822C33-610F-45DC-87C8-0F7548793640}.Release|x86.ActiveCfg = Release|Any CPU
		{82822C33-610F-45DC-87C8-0F7548793640}.Release|x86.Build.0 = Release|Any CPU
		{B1B119F2-B1C7-4B99-8A9F-C350617C22EA}.Debug|Any CPU.ActiveCfg = Debug|Any CPU
		{B1B119F2-B1C7-4B99-8A9F-C350617C22EA}.Debug|Any CPU.Build.0 = Debug|Any CPU
		{B1B119F2-B1C7-4B99-8A9F-C350617C22EA}.Debug|x64.ActiveCfg = Debug|Any CPU
		{B1B119F2-B1C7-4B99-8A9F-C350617C22EA}.Debug|x64.Build.0 = Debug|Any CPU
		{B1B119F2-B1C7-4B99-8A9F-C350617C22EA}.Debug|x86.ActiveCfg = Debug|Any CPU
		{B1B119F2-B1C7-4B99-8A9F-C350617C22EA}.Debug|x86.Build.0 = Debug|Any CPU
		{B1B119F2-B1C7-4B99-8A9F-C350617C22EA}.Release|Any CPU.ActiveCfg = Release|Any CPU
		{B1B119F2-B1C7-4B99-8A9F-C350617C22EA}.Release|Any CPU.Build.0 = Release|Any CPU
		{B1B119F2-B1C7-4B99-8A9F-C350617C22EA}.Release|x64.ActiveCfg = Release|Any CPU
		{B1B119F2-B1C7-4B99-8A9F-C350617C22EA}.Release|x64.Build.0 = Release|Any CPU
		{B1B119F2-B1C7-4B99-8A9F-C350617C22EA}.Release|x86.ActiveCfg = Release|Any CPU
		{B1B119F2-B1C7-4B99-8A9F-C350617C22EA}.Release|x86.Build.0 = Release|Any CPU
		{9C03CDCC-8EB2-4EC4-8242-A033105EA9F7}.Debug|Any CPU.ActiveCfg = Debug|Any CPU
		{9C03CDCC-8EB2-4EC4-8242-A033105EA9F7}.Debug|Any CPU.Build.0 = Debug|Any CPU
		{9C03CDCC-8EB2-4EC4-8242-A033105EA9F7}.Debug|x64.ActiveCfg = Debug|Any CPU
		{9C03CDCC-8EB2-4EC4-8242-A033105EA9F7}.Debug|x64.Build.0 = Debug|Any CPU
		{9C03CDCC-8EB2-4EC4-8242-A033105EA9F7}.Debug|x86.ActiveCfg = Debug|Any CPU
		{9C03CDCC-8EB2-4EC4-8242-A033105EA9F7}.Debug|x86.Build.0 = Debug|Any CPU
		{9C03CDCC-8EB2-4EC4-8242-A033105EA9F7}.Release|Any CPU.ActiveCfg = Release|Any CPU
		{9C03CDCC-8EB2-4EC4-8242-A033105EA9F7}.Release|Any CPU.Build.0 = Release|Any CPU
		{9C03CDCC-8EB2-4EC4-8242-A033105EA9F7}.Release|x64.ActiveCfg = Release|Any CPU
		{9C03CDCC-8EB2-4EC4-8242-A033105EA9F7}.Release|x64.Build.0 = Release|Any CPU
		{9C03CDCC-8EB2-4EC4-8242-A033105EA9F7}.Release|x86.ActiveCfg = Release|Any CPU
		{9C03CDCC-8EB2-4EC4-8242-A033105EA9F7}.Release|x86.Build.0 = Release|Any CPU
		{6A900E1C-8C4A-4840-A267-5CB19689307D}.Debug|Any CPU.ActiveCfg = Debug|Any CPU
		{6A900E1C-8C4A-4840-A267-5CB19689307D}.Debug|Any CPU.Build.0 = Debug|Any CPU
		{6A900E1C-8C4A-4840-A267-5CB19689307D}.Debug|x64.ActiveCfg = Debug|Any CPU
		{6A900E1C-8C4A-4840-A267-5CB19689307D}.Debug|x64.Build.0 = Debug|Any CPU
		{6A900E1C-8C4A-4840-A267-5CB19689307D}.Debug|x86.ActiveCfg = Debug|Any CPU
		{6A900E1C-8C4A-4840-A267-5CB19689307D}.Debug|x86.Build.0 = Debug|Any CPU
		{6A900E1C-8C4A-4840-A267-5CB19689307D}.Release|Any CPU.ActiveCfg = Release|Any CPU
		{6A900E1C-8C4A-4840-A267-5CB19689307D}.Release|Any CPU.Build.0 = Release|Any CPU
		{6A900E1C-8C4A-4840-A267-5CB19689307D}.Release|x64.ActiveCfg = Release|Any CPU
		{6A900E1C-8C4A-4840-A267-5CB19689307D}.Release|x64.Build.0 = Release|Any CPU
		{6A900E1C-8C4A-4840-A267-5CB19689307D}.Release|x86.ActiveCfg = Release|Any CPU
		{6A900E1C-8C4A-4840-A267-5CB19689307D}.Release|x86.Build.0 = Release|Any CPU
		{FEA87ACF-B46A-4ED4-9D21-4EC8BE509AE0}.Debug|Any CPU.ActiveCfg = Debug|Any CPU
		{FEA87ACF-B46A-4ED4-9D21-4EC8BE509AE0}.Debug|Any CPU.Build.0 = Debug|Any CPU
		{FEA87ACF-B46A-4ED4-9D21-4EC8BE509AE0}.Debug|x64.ActiveCfg = Debug|Any CPU
		{FEA87ACF-B46A-4ED4-9D21-4EC8BE509AE0}.Debug|x64.Build.0 = Debug|Any CPU
		{FEA87ACF-B46A-4ED4-9D21-4EC8BE509AE0}.Debug|x86.ActiveCfg = Debug|Any CPU
		{FEA87ACF-B46A-4ED4-9D21-4EC8BE509AE0}.Debug|x86.Build.0 = Debug|Any CPU
		{FEA87ACF-B46A-4ED4-9D21-4EC8BE509AE0}.Release|Any CPU.ActiveCfg = Release|Any CPU
		{FEA87ACF-B46A-4ED4-9D21-4EC8BE509AE0}.Release|Any CPU.Build.0 = Release|Any CPU
		{FEA87ACF-B46A-4ED4-9D21-4EC8BE509AE0}.Release|x64.ActiveCfg = Release|Any CPU
		{FEA87ACF-B46A-4ED4-9D21-4EC8BE509AE0}.Release|x64.Build.0 = Release|Any CPU
		{FEA87ACF-B46A-4ED4-9D21-4EC8BE509AE0}.Release|x86.ActiveCfg = Release|Any CPU
		{FEA87ACF-B46A-4ED4-9D21-4EC8BE509AE0}.Release|x86.Build.0 = Release|Any CPU
		{BD92B168-A080-4C48-8068-526219BE562F}.Debug|Any CPU.ActiveCfg = Debug|Any CPU
		{BD92B168-A080-4C48-8068-526219BE562F}.Debug|Any CPU.Build.0 = Debug|Any CPU
		{BD92B168-A080-4C48-8068-526219BE562F}.Debug|x64.ActiveCfg = Debug|Any CPU
		{BD92B168-A080-4C48-8068-526219BE562F}.Debug|x64.Build.0 = Debug|Any CPU
		{BD92B168-A080-4C48-8068-526219BE562F}.Debug|x86.ActiveCfg = Debug|Any CPU
		{BD92B168-A080-4C48-8068-526219BE562F}.Debug|x86.Build.0 = Debug|Any CPU
		{BD92B168-A080-4C48-8068-526219BE562F}.Release|Any CPU.ActiveCfg = Release|Any CPU
		{BD92B168-A080-4C48-8068-526219BE562F}.Release|Any CPU.Build.0 = Release|Any CPU
		{BD92B168-A080-4C48-8068-526219BE562F}.Release|x64.ActiveCfg = Release|Any CPU
		{BD92B168-A080-4C48-8068-526219BE562F}.Release|x64.Build.0 = Release|Any CPU
		{BD92B168-A080-4C48-8068-526219BE562F}.Release|x86.ActiveCfg = Release|Any CPU
		{BD92B168-A080-4C48-8068-526219BE562F}.Release|x86.Build.0 = Release|Any CPU
		{8E287407-3147-4096-BDAD-7ADFADB9DA8A}.Debug|Any CPU.ActiveCfg = Debug|Any CPU
		{8E287407-3147-4096-BDAD-7ADFADB9DA8A}.Debug|Any CPU.Build.0 = Debug|Any CPU
		{8E287407-3147-4096-BDAD-7ADFADB9DA8A}.Debug|x64.ActiveCfg = Debug|Any CPU
		{8E287407-3147-4096-BDAD-7ADFADB9DA8A}.Debug|x64.Build.0 = Debug|Any CPU
		{8E287407-3147-4096-BDAD-7ADFADB9DA8A}.Debug|x86.ActiveCfg = Debug|Any CPU
		{8E287407-3147-4096-BDAD-7ADFADB9DA8A}.Debug|x86.Build.0 = Debug|Any CPU
		{8E287407-3147-4096-BDAD-7ADFADB9DA8A}.Release|Any CPU.ActiveCfg = Release|Any CPU
		{8E287407-3147-4096-BDAD-7ADFADB9DA8A}.Release|Any CPU.Build.0 = Release|Any CPU
		{8E287407-3147-4096-BDAD-7ADFADB9DA8A}.Release|x64.ActiveCfg = Release|Any CPU
		{8E287407-3147-4096-BDAD-7ADFADB9DA8A}.Release|x64.Build.0 = Release|Any CPU
		{8E287407-3147-4096-BDAD-7ADFADB9DA8A}.Release|x86.ActiveCfg = Release|Any CPU
		{8E287407-3147-4096-BDAD-7ADFADB9DA8A}.Release|x86.Build.0 = Release|Any CPU
		{3D09AB41-E3E8-4B1A-92A8-A80F198A602B}.Debug|Any CPU.ActiveCfg = Debug|Any CPU
		{3D09AB41-E3E8-4B1A-92A8-A80F198A602B}.Debug|Any CPU.Build.0 = Debug|Any CPU
		{3D09AB41-E3E8-4B1A-92A8-A80F198A602B}.Debug|x64.ActiveCfg = Debug|Any CPU
		{3D09AB41-E3E8-4B1A-92A8-A80F198A602B}.Debug|x64.Build.0 = Debug|Any CPU
		{3D09AB41-E3E8-4B1A-92A8-A80F198A602B}.Debug|x86.ActiveCfg = Debug|Any CPU
		{3D09AB41-E3E8-4B1A-92A8-A80F198A602B}.Debug|x86.Build.0 = Debug|Any CPU
		{3D09AB41-E3E8-4B1A-92A8-A80F198A602B}.Release|Any CPU.ActiveCfg = Release|Any CPU
		{3D09AB41-E3E8-4B1A-92A8-A80F198A602B}.Release|Any CPU.Build.0 = Release|Any CPU
		{3D09AB41-E3E8-4B1A-92A8-A80F198A602B}.Release|x64.ActiveCfg = Release|Any CPU
		{3D09AB41-E3E8-4B1A-92A8-A80F198A602B}.Release|x64.Build.0 = Release|Any CPU
		{3D09AB41-E3E8-4B1A-92A8-A80F198A602B}.Release|x86.ActiveCfg = Release|Any CPU
		{3D09AB41-E3E8-4B1A-92A8-A80F198A602B}.Release|x86.Build.0 = Release|Any CPU
		{B29A9955-C6AC-437D-BA56-5389C9299B72}.Debug|Any CPU.ActiveCfg = Debug|Any CPU
		{B29A9955-C6AC-437D-BA56-5389C9299B72}.Debug|Any CPU.Build.0 = Debug|Any CPU
		{B29A9955-C6AC-437D-BA56-5389C9299B72}.Debug|x64.ActiveCfg = Debug|Any CPU
		{B29A9955-C6AC-437D-BA56-5389C9299B72}.Debug|x64.Build.0 = Debug|Any CPU
		{B29A9955-C6AC-437D-BA56-5389C9299B72}.Debug|x86.ActiveCfg = Debug|Any CPU
		{B29A9955-C6AC-437D-BA56-5389C9299B72}.Debug|x86.Build.0 = Debug|Any CPU
		{B29A9955-C6AC-437D-BA56-5389C9299B72}.Release|Any CPU.ActiveCfg = Release|Any CPU
		{B29A9955-C6AC-437D-BA56-5389C9299B72}.Release|Any CPU.Build.0 = Release|Any CPU
		{B29A9955-C6AC-437D-BA56-5389C9299B72}.Release|x64.ActiveCfg = Release|Any CPU
		{B29A9955-C6AC-437D-BA56-5389C9299B72}.Release|x64.Build.0 = Release|Any CPU
		{B29A9955-C6AC-437D-BA56-5389C9299B72}.Release|x86.ActiveCfg = Release|Any CPU
		{B29A9955-C6AC-437D-BA56-5389C9299B72}.Release|x86.Build.0 = Release|Any CPU
		{227C0629-5E95-4B15-B3F4-EB6139FAD9B1}.Debug|Any CPU.ActiveCfg = Debug|Any CPU
		{227C0629-5E95-4B15-B3F4-EB6139FAD9B1}.Debug|Any CPU.Build.0 = Debug|Any CPU
		{227C0629-5E95-4B15-B3F4-EB6139FAD9B1}.Debug|x64.ActiveCfg = Debug|Any CPU
		{227C0629-5E95-4B15-B3F4-EB6139FAD9B1}.Debug|x64.Build.0 = Debug|Any CPU
		{227C0629-5E95-4B15-B3F4-EB6139FAD9B1}.Debug|x86.ActiveCfg = Debug|Any CPU
		{227C0629-5E95-4B15-B3F4-EB6139FAD9B1}.Debug|x86.Build.0 = Debug|Any CPU
		{227C0629-5E95-4B15-B3F4-EB6139FAD9B1}.Release|Any CPU.ActiveCfg = Release|Any CPU
		{227C0629-5E95-4B15-B3F4-EB6139FAD9B1}.Release|Any CPU.Build.0 = Release|Any CPU
		{227C0629-5E95-4B15-B3F4-EB6139FAD9B1}.Release|x64.ActiveCfg = Release|Any CPU
		{227C0629-5E95-4B15-B3F4-EB6139FAD9B1}.Release|x64.Build.0 = Release|Any CPU
		{227C0629-5E95-4B15-B3F4-EB6139FAD9B1}.Release|x86.ActiveCfg = Release|Any CPU
		{227C0629-5E95-4B15-B3F4-EB6139FAD9B1}.Release|x86.Build.0 = Release|Any CPU
		{AD8BA3DA-00E3-40BA-B02A-EF9F9721F439}.Debug|Any CPU.ActiveCfg = Debug|Any CPU
		{AD8BA3DA-00E3-40BA-B02A-EF9F9721F439}.Debug|Any CPU.Build.0 = Debug|Any CPU
		{AD8BA3DA-00E3-40BA-B02A-EF9F9721F439}.Debug|x64.ActiveCfg = Debug|Any CPU
		{AD8BA3DA-00E3-40BA-B02A-EF9F9721F439}.Debug|x64.Build.0 = Debug|Any CPU
		{AD8BA3DA-00E3-40BA-B02A-EF9F9721F439}.Debug|x86.ActiveCfg = Debug|Any CPU
		{AD8BA3DA-00E3-40BA-B02A-EF9F9721F439}.Debug|x86.Build.0 = Debug|Any CPU
		{AD8BA3DA-00E3-40BA-B02A-EF9F9721F439}.Release|Any CPU.ActiveCfg = Release|Any CPU
		{AD8BA3DA-00E3-40BA-B02A-EF9F9721F439}.Release|Any CPU.Build.0 = Release|Any CPU
		{AD8BA3DA-00E3-40BA-B02A-EF9F9721F439}.Release|x64.ActiveCfg = Release|Any CPU
		{AD8BA3DA-00E3-40BA-B02A-EF9F9721F439}.Release|x64.Build.0 = Release|Any CPU
		{AD8BA3DA-00E3-40BA-B02A-EF9F9721F439}.Release|x86.ActiveCfg = Release|Any CPU
		{AD8BA3DA-00E3-40BA-B02A-EF9F9721F439}.Release|x86.Build.0 = Release|Any CPU
		{72856309-5096-48AD-A19D-B008202395B7}.Debug|Any CPU.ActiveCfg = Debug|Any CPU
		{72856309-5096-48AD-A19D-B008202395B7}.Debug|Any CPU.Build.0 = Debug|Any CPU
		{72856309-5096-48AD-A19D-B008202395B7}.Debug|x64.ActiveCfg = Debug|Any CPU
		{72856309-5096-48AD-A19D-B008202395B7}.Debug|x64.Build.0 = Debug|Any CPU
		{72856309-5096-48AD-A19D-B008202395B7}.Debug|x86.ActiveCfg = Debug|Any CPU
		{72856309-5096-48AD-A19D-B008202395B7}.Debug|x86.Build.0 = Debug|Any CPU
		{72856309-5096-48AD-A19D-B008202395B7}.Release|Any CPU.ActiveCfg = Release|Any CPU
		{72856309-5096-48AD-A19D-B008202395B7}.Release|Any CPU.Build.0 = Release|Any CPU
		{72856309-5096-48AD-A19D-B008202395B7}.Release|x64.ActiveCfg = Release|Any CPU
		{72856309-5096-48AD-A19D-B008202395B7}.Release|x64.Build.0 = Release|Any CPU
		{72856309-5096-48AD-A19D-B008202395B7}.Release|x86.ActiveCfg = Release|Any CPU
		{72856309-5096-48AD-A19D-B008202395B7}.Release|x86.Build.0 = Release|Any CPU
		{CDE10FB3-6380-4313-AEC3-8AE91047A8EE}.Debug|Any CPU.ActiveCfg = Debug|Any CPU
		{CDE10FB3-6380-4313-AEC3-8AE91047A8EE}.Debug|Any CPU.Build.0 = Debug|Any CPU
		{CDE10FB3-6380-4313-AEC3-8AE91047A8EE}.Debug|x64.ActiveCfg = Debug|Any CPU
		{CDE10FB3-6380-4313-AEC3-8AE91047A8EE}.Debug|x64.Build.0 = Debug|Any CPU
		{CDE10FB3-6380-4313-AEC3-8AE91047A8EE}.Debug|x86.ActiveCfg = Debug|Any CPU
		{CDE10FB3-6380-4313-AEC3-8AE91047A8EE}.Debug|x86.Build.0 = Debug|Any CPU
		{CDE10FB3-6380-4313-AEC3-8AE91047A8EE}.Release|Any CPU.ActiveCfg = Release|Any CPU
		{CDE10FB3-6380-4313-AEC3-8AE91047A8EE}.Release|Any CPU.Build.0 = Release|Any CPU
		{CDE10FB3-6380-4313-AEC3-8AE91047A8EE}.Release|x64.ActiveCfg = Release|Any CPU
		{CDE10FB3-6380-4313-AEC3-8AE91047A8EE}.Release|x64.Build.0 = Release|Any CPU
		{CDE10FB3-6380-4313-AEC3-8AE91047A8EE}.Release|x86.ActiveCfg = Release|Any CPU
		{CDE10FB3-6380-4313-AEC3-8AE91047A8EE}.Release|x86.Build.0 = Release|Any CPU
		{F5383D5A-2DDE-44F1-B211-E1783CC35210}.Debug|Any CPU.ActiveCfg = Debug|Any CPU
		{F5383D5A-2DDE-44F1-B211-E1783CC35210}.Debug|Any CPU.Build.0 = Debug|Any CPU
		{F5383D5A-2DDE-44F1-B211-E1783CC35210}.Debug|x64.ActiveCfg = Debug|Any CPU
		{F5383D5A-2DDE-44F1-B211-E1783CC35210}.Debug|x64.Build.0 = Debug|Any CPU
		{F5383D5A-2DDE-44F1-B211-E1783CC35210}.Debug|x86.ActiveCfg = Debug|Any CPU
		{F5383D5A-2DDE-44F1-B211-E1783CC35210}.Debug|x86.Build.0 = Debug|Any CPU
		{F5383D5A-2DDE-44F1-B211-E1783CC35210}.Release|Any CPU.ActiveCfg = Release|Any CPU
		{F5383D5A-2DDE-44F1-B211-E1783CC35210}.Release|Any CPU.Build.0 = Release|Any CPU
		{F5383D5A-2DDE-44F1-B211-E1783CC35210}.Release|x64.ActiveCfg = Release|Any CPU
		{F5383D5A-2DDE-44F1-B211-E1783CC35210}.Release|x64.Build.0 = Release|Any CPU
		{F5383D5A-2DDE-44F1-B211-E1783CC35210}.Release|x86.ActiveCfg = Release|Any CPU
		{F5383D5A-2DDE-44F1-B211-E1783CC35210}.Release|x86.Build.0 = Release|Any CPU
		{4F59E4A5-2C1A-4052-9549-E1F8719AFA9B}.Debug|Any CPU.ActiveCfg = Debug|Any CPU
		{4F59E4A5-2C1A-4052-9549-E1F8719AFA9B}.Debug|Any CPU.Build.0 = Debug|Any CPU
		{4F59E4A5-2C1A-4052-9549-E1F8719AFA9B}.Debug|x64.ActiveCfg = Debug|Any CPU
		{4F59E4A5-2C1A-4052-9549-E1F8719AFA9B}.Debug|x64.Build.0 = Debug|Any CPU
		{4F59E4A5-2C1A-4052-9549-E1F8719AFA9B}.Debug|x86.ActiveCfg = Debug|Any CPU
		{4F59E4A5-2C1A-4052-9549-E1F8719AFA9B}.Debug|x86.Build.0 = Debug|Any CPU
		{4F59E4A5-2C1A-4052-9549-E1F8719AFA9B}.Release|Any CPU.ActiveCfg = Release|Any CPU
		{4F59E4A5-2C1A-4052-9549-E1F8719AFA9B}.Release|Any CPU.Build.0 = Release|Any CPU
		{4F59E4A5-2C1A-4052-9549-E1F8719AFA9B}.Release|x64.ActiveCfg = Release|Any CPU
		{4F59E4A5-2C1A-4052-9549-E1F8719AFA9B}.Release|x64.Build.0 = Release|Any CPU
		{4F59E4A5-2C1A-4052-9549-E1F8719AFA9B}.Release|x86.ActiveCfg = Release|Any CPU
		{4F59E4A5-2C1A-4052-9549-E1F8719AFA9B}.Release|x86.Build.0 = Release|Any CPU
		{26AC4D49-C7C3-43F5-9F3D-D27696565176}.Debug|Any CPU.ActiveCfg = Debug|Any CPU
		{26AC4D49-C7C3-43F5-9F3D-D27696565176}.Debug|Any CPU.Build.0 = Debug|Any CPU
		{26AC4D49-C7C3-43F5-9F3D-D27696565176}.Debug|x64.ActiveCfg = Debug|Any CPU
		{26AC4D49-C7C3-43F5-9F3D-D27696565176}.Debug|x64.Build.0 = Debug|Any CPU
		{26AC4D49-C7C3-43F5-9F3D-D27696565176}.Debug|x86.ActiveCfg = Debug|Any CPU
		{26AC4D49-C7C3-43F5-9F3D-D27696565176}.Debug|x86.Build.0 = Debug|Any CPU
		{26AC4D49-C7C3-43F5-9F3D-D27696565176}.Release|Any CPU.ActiveCfg = Release|Any CPU
		{26AC4D49-C7C3-43F5-9F3D-D27696565176}.Release|Any CPU.Build.0 = Release|Any CPU
		{26AC4D49-C7C3-43F5-9F3D-D27696565176}.Release|x64.ActiveCfg = Release|Any CPU
		{26AC4D49-C7C3-43F5-9F3D-D27696565176}.Release|x64.Build.0 = Release|Any CPU
		{26AC4D49-C7C3-43F5-9F3D-D27696565176}.Release|x86.ActiveCfg = Release|Any CPU
		{26AC4D49-C7C3-43F5-9F3D-D27696565176}.Release|x86.Build.0 = Release|Any CPU
		{7140B1C4-45AA-4680-9881-EB83BFC26EFF}.Debug|Any CPU.ActiveCfg = Debug|Any CPU
		{7140B1C4-45AA-4680-9881-EB83BFC26EFF}.Debug|Any CPU.Build.0 = Debug|Any CPU
		{7140B1C4-45AA-4680-9881-EB83BFC26EFF}.Debug|x64.ActiveCfg = Debug|Any CPU
		{7140B1C4-45AA-4680-9881-EB83BFC26EFF}.Debug|x64.Build.0 = Debug|Any CPU
		{7140B1C4-45AA-4680-9881-EB83BFC26EFF}.Debug|x86.ActiveCfg = Debug|Any CPU
		{7140B1C4-45AA-4680-9881-EB83BFC26EFF}.Debug|x86.Build.0 = Debug|Any CPU
		{7140B1C4-45AA-4680-9881-EB83BFC26EFF}.Release|Any CPU.ActiveCfg = Release|Any CPU
		{7140B1C4-45AA-4680-9881-EB83BFC26EFF}.Release|Any CPU.Build.0 = Release|Any CPU
		{7140B1C4-45AA-4680-9881-EB83BFC26EFF}.Release|x64.ActiveCfg = Release|Any CPU
		{7140B1C4-45AA-4680-9881-EB83BFC26EFF}.Release|x64.Build.0 = Release|Any CPU
		{7140B1C4-45AA-4680-9881-EB83BFC26EFF}.Release|x86.ActiveCfg = Release|Any CPU
		{7140B1C4-45AA-4680-9881-EB83BFC26EFF}.Release|x86.Build.0 = Release|Any CPU
		{FFC35AA5-0112-4EC1-A301-F02FFF8F5891}.Debug|Any CPU.ActiveCfg = Debug|Any CPU
		{FFC35AA5-0112-4EC1-A301-F02FFF8F5891}.Debug|Any CPU.Build.0 = Debug|Any CPU
		{FFC35AA5-0112-4EC1-A301-F02FFF8F5891}.Debug|x64.ActiveCfg = Debug|Any CPU
		{FFC35AA5-0112-4EC1-A301-F02FFF8F5891}.Debug|x64.Build.0 = Debug|Any CPU
		{FFC35AA5-0112-4EC1-A301-F02FFF8F5891}.Debug|x86.ActiveCfg = Debug|Any CPU
		{FFC35AA5-0112-4EC1-A301-F02FFF8F5891}.Debug|x86.Build.0 = Debug|Any CPU
		{FFC35AA5-0112-4EC1-A301-F02FFF8F5891}.Release|Any CPU.ActiveCfg = Release|Any CPU
		{FFC35AA5-0112-4EC1-A301-F02FFF8F5891}.Release|Any CPU.Build.0 = Release|Any CPU
		{FFC35AA5-0112-4EC1-A301-F02FFF8F5891}.Release|x64.ActiveCfg = Release|Any CPU
		{FFC35AA5-0112-4EC1-A301-F02FFF8F5891}.Release|x64.Build.0 = Release|Any CPU
		{FFC35AA5-0112-4EC1-A301-F02FFF8F5891}.Release|x86.ActiveCfg = Release|Any CPU
		{FFC35AA5-0112-4EC1-A301-F02FFF8F5891}.Release|x86.Build.0 = Release|Any CPU
		{AF25481C-2270-438A-8FF2-7A746AEF8856}.Debug|Any CPU.ActiveCfg = Debug|Any CPU
		{AF25481C-2270-438A-8FF2-7A746AEF8856}.Debug|Any CPU.Build.0 = Debug|Any CPU
		{AF25481C-2270-438A-8FF2-7A746AEF8856}.Debug|x64.ActiveCfg = Debug|Any CPU
		{AF25481C-2270-438A-8FF2-7A746AEF8856}.Debug|x64.Build.0 = Debug|Any CPU
		{AF25481C-2270-438A-8FF2-7A746AEF8856}.Debug|x86.ActiveCfg = Debug|Any CPU
		{AF25481C-2270-438A-8FF2-7A746AEF8856}.Debug|x86.Build.0 = Debug|Any CPU
		{AF25481C-2270-438A-8FF2-7A746AEF8856}.Release|Any CPU.ActiveCfg = Release|Any CPU
		{AF25481C-2270-438A-8FF2-7A746AEF8856}.Release|Any CPU.Build.0 = Release|Any CPU
		{AF25481C-2270-438A-8FF2-7A746AEF8856}.Release|x64.ActiveCfg = Release|Any CPU
		{AF25481C-2270-438A-8FF2-7A746AEF8856}.Release|x64.Build.0 = Release|Any CPU
		{AF25481C-2270-438A-8FF2-7A746AEF8856}.Release|x86.ActiveCfg = Release|Any CPU
		{AF25481C-2270-438A-8FF2-7A746AEF8856}.Release|x86.Build.0 = Release|Any CPU
		{5B65BB95-8D0B-4D59-A8F7-1EAA01E914A3}.Debug|Any CPU.ActiveCfg = Debug|Any CPU
		{5B65BB95-8D0B-4D59-A8F7-1EAA01E914A3}.Debug|Any CPU.Build.0 = Debug|Any CPU
		{5B65BB95-8D0B-4D59-A8F7-1EAA01E914A3}.Debug|x64.ActiveCfg = Debug|Any CPU
		{5B65BB95-8D0B-4D59-A8F7-1EAA01E914A3}.Debug|x64.Build.0 = Debug|Any CPU
		{5B65BB95-8D0B-4D59-A8F7-1EAA01E914A3}.Debug|x86.ActiveCfg = Debug|Any CPU
		{5B65BB95-8D0B-4D59-A8F7-1EAA01E914A3}.Debug|x86.Build.0 = Debug|Any CPU
		{5B65BB95-8D0B-4D59-A8F7-1EAA01E914A3}.Release|Any CPU.ActiveCfg = Release|Any CPU
		{5B65BB95-8D0B-4D59-A8F7-1EAA01E914A3}.Release|Any CPU.Build.0 = Release|Any CPU
		{5B65BB95-8D0B-4D59-A8F7-1EAA01E914A3}.Release|x64.ActiveCfg = Release|Any CPU
		{5B65BB95-8D0B-4D59-A8F7-1EAA01E914A3}.Release|x64.Build.0 = Release|Any CPU
		{5B65BB95-8D0B-4D59-A8F7-1EAA01E914A3}.Release|x86.ActiveCfg = Release|Any CPU
		{5B65BB95-8D0B-4D59-A8F7-1EAA01E914A3}.Release|x86.Build.0 = Release|Any CPU
		{B5FEE6CB-9F8F-4C0A-92DB-039928AD96A4}.Debug|Any CPU.ActiveCfg = Debug|Any CPU
		{B5FEE6CB-9F8F-4C0A-92DB-039928AD96A4}.Debug|Any CPU.Build.0 = Debug|Any CPU
		{B5FEE6CB-9F8F-4C0A-92DB-039928AD96A4}.Debug|x64.ActiveCfg = Debug|Any CPU
		{B5FEE6CB-9F8F-4C0A-92DB-039928AD96A4}.Debug|x64.Build.0 = Debug|Any CPU
		{B5FEE6CB-9F8F-4C0A-92DB-039928AD96A4}.Debug|x86.ActiveCfg = Debug|Any CPU
		{B5FEE6CB-9F8F-4C0A-92DB-039928AD96A4}.Debug|x86.Build.0 = Debug|Any CPU
		{B5FEE6CB-9F8F-4C0A-92DB-039928AD96A4}.Release|Any CPU.ActiveCfg = Release|Any CPU
		{B5FEE6CB-9F8F-4C0A-92DB-039928AD96A4}.Release|Any CPU.Build.0 = Release|Any CPU
		{B5FEE6CB-9F8F-4C0A-92DB-039928AD96A4}.Release|x64.ActiveCfg = Release|Any CPU
		{B5FEE6CB-9F8F-4C0A-92DB-039928AD96A4}.Release|x64.Build.0 = Release|Any CPU
		{B5FEE6CB-9F8F-4C0A-92DB-039928AD96A4}.Release|x86.ActiveCfg = Release|Any CPU
		{B5FEE6CB-9F8F-4C0A-92DB-039928AD96A4}.Release|x86.Build.0 = Release|Any CPU
		{60CFAEA5-C586-4B00-8DE6-EFC78F8B857F}.Debug|Any CPU.ActiveCfg = Debug|Any CPU
		{60CFAEA5-C586-4B00-8DE6-EFC78F8B857F}.Debug|Any CPU.Build.0 = Debug|Any CPU
		{60CFAEA5-C586-4B00-8DE6-EFC78F8B857F}.Debug|x64.ActiveCfg = Debug|Any CPU
		{60CFAEA5-C586-4B00-8DE6-EFC78F8B857F}.Debug|x64.Build.0 = Debug|Any CPU
		{60CFAEA5-C586-4B00-8DE6-EFC78F8B857F}.Debug|x86.ActiveCfg = Debug|Any CPU
		{60CFAEA5-C586-4B00-8DE6-EFC78F8B857F}.Debug|x86.Build.0 = Debug|Any CPU
		{60CFAEA5-C586-4B00-8DE6-EFC78F8B857F}.Release|Any CPU.ActiveCfg = Release|Any CPU
		{60CFAEA5-C586-4B00-8DE6-EFC78F8B857F}.Release|Any CPU.Build.0 = Release|Any CPU
		{60CFAEA5-C586-4B00-8DE6-EFC78F8B857F}.Release|x64.ActiveCfg = Release|Any CPU
		{60CFAEA5-C586-4B00-8DE6-EFC78F8B857F}.Release|x64.Build.0 = Release|Any CPU
		{60CFAEA5-C586-4B00-8DE6-EFC78F8B857F}.Release|x86.ActiveCfg = Release|Any CPU
		{60CFAEA5-C586-4B00-8DE6-EFC78F8B857F}.Release|x86.Build.0 = Release|Any CPU
		{241E29A0-1104-47D9-84B9-4E07296C3F7A}.Debug|Any CPU.ActiveCfg = Debug|Any CPU
		{241E29A0-1104-47D9-84B9-4E07296C3F7A}.Debug|Any CPU.Build.0 = Debug|Any CPU
		{241E29A0-1104-47D9-84B9-4E07296C3F7A}.Debug|x64.ActiveCfg = Debug|Any CPU
		{241E29A0-1104-47D9-84B9-4E07296C3F7A}.Debug|x64.Build.0 = Debug|Any CPU
		{241E29A0-1104-47D9-84B9-4E07296C3F7A}.Debug|x86.ActiveCfg = Debug|Any CPU
		{241E29A0-1104-47D9-84B9-4E07296C3F7A}.Debug|x86.Build.0 = Debug|Any CPU
		{241E29A0-1104-47D9-84B9-4E07296C3F7A}.Release|Any CPU.ActiveCfg = Release|Any CPU
		{241E29A0-1104-47D9-84B9-4E07296C3F7A}.Release|Any CPU.Build.0 = Release|Any CPU
		{241E29A0-1104-47D9-84B9-4E07296C3F7A}.Release|x64.ActiveCfg = Release|Any CPU
		{241E29A0-1104-47D9-84B9-4E07296C3F7A}.Release|x64.Build.0 = Release|Any CPU
		{241E29A0-1104-47D9-84B9-4E07296C3F7A}.Release|x86.ActiveCfg = Release|Any CPU
		{241E29A0-1104-47D9-84B9-4E07296C3F7A}.Release|x86.Build.0 = Release|Any CPU
		{B5AF6F52-828A-4FA8-AA6D-69737E44C933}.Debug|Any CPU.ActiveCfg = Debug|Any CPU
		{B5AF6F52-828A-4FA8-AA6D-69737E44C933}.Debug|Any CPU.Build.0 = Debug|Any CPU
		{B5AF6F52-828A-4FA8-AA6D-69737E44C933}.Debug|x64.ActiveCfg = Debug|Any CPU
		{B5AF6F52-828A-4FA8-AA6D-69737E44C933}.Debug|x64.Build.0 = Debug|Any CPU
		{B5AF6F52-828A-4FA8-AA6D-69737E44C933}.Debug|x86.ActiveCfg = Debug|Any CPU
		{B5AF6F52-828A-4FA8-AA6D-69737E44C933}.Debug|x86.Build.0 = Debug|Any CPU
		{B5AF6F52-828A-4FA8-AA6D-69737E44C933}.Release|Any CPU.ActiveCfg = Release|Any CPU
		{B5AF6F52-828A-4FA8-AA6D-69737E44C933}.Release|Any CPU.Build.0 = Release|Any CPU
		{B5AF6F52-828A-4FA8-AA6D-69737E44C933}.Release|x64.ActiveCfg = Release|Any CPU
		{B5AF6F52-828A-4FA8-AA6D-69737E44C933}.Release|x64.Build.0 = Release|Any CPU
		{B5AF6F52-828A-4FA8-AA6D-69737E44C933}.Release|x86.ActiveCfg = Release|Any CPU
		{B5AF6F52-828A-4FA8-AA6D-69737E44C933}.Release|x86.Build.0 = Release|Any CPU
		{8EB26A03-5715-4EB5-A9EC-03F761FB426B}.Debug|Any CPU.ActiveCfg = Debug|Any CPU
		{8EB26A03-5715-4EB5-A9EC-03F761FB426B}.Debug|Any CPU.Build.0 = Debug|Any CPU
		{8EB26A03-5715-4EB5-A9EC-03F761FB426B}.Debug|x64.ActiveCfg = Debug|Any CPU
		{8EB26A03-5715-4EB5-A9EC-03F761FB426B}.Debug|x64.Build.0 = Debug|Any CPU
		{8EB26A03-5715-4EB5-A9EC-03F761FB426B}.Debug|x86.ActiveCfg = Debug|Any CPU
		{8EB26A03-5715-4EB5-A9EC-03F761FB426B}.Debug|x86.Build.0 = Debug|Any CPU
		{8EB26A03-5715-4EB5-A9EC-03F761FB426B}.Release|Any CPU.ActiveCfg = Release|Any CPU
		{8EB26A03-5715-4EB5-A9EC-03F761FB426B}.Release|Any CPU.Build.0 = Release|Any CPU
		{8EB26A03-5715-4EB5-A9EC-03F761FB426B}.Release|x64.ActiveCfg = Release|Any CPU
		{8EB26A03-5715-4EB5-A9EC-03F761FB426B}.Release|x64.Build.0 = Release|Any CPU
		{8EB26A03-5715-4EB5-A9EC-03F761FB426B}.Release|x86.ActiveCfg = Release|Any CPU
		{8EB26A03-5715-4EB5-A9EC-03F761FB426B}.Release|x86.Build.0 = Release|Any CPU
		{5D230F24-72E9-4515-8402-DE09EB054A3F}.Debug|Any CPU.ActiveCfg = Debug|Any CPU
		{5D230F24-72E9-4515-8402-DE09EB054A3F}.Debug|Any CPU.Build.0 = Debug|Any CPU
		{5D230F24-72E9-4515-8402-DE09EB054A3F}.Debug|x64.ActiveCfg = Debug|Any CPU
		{5D230F24-72E9-4515-8402-DE09EB054A3F}.Debug|x64.Build.0 = Debug|Any CPU
		{5D230F24-72E9-4515-8402-DE09EB054A3F}.Debug|x86.ActiveCfg = Debug|Any CPU
		{5D230F24-72E9-4515-8402-DE09EB054A3F}.Debug|x86.Build.0 = Debug|Any CPU
		{5D230F24-72E9-4515-8402-DE09EB054A3F}.Release|Any CPU.ActiveCfg = Release|Any CPU
		{5D230F24-72E9-4515-8402-DE09EB054A3F}.Release|Any CPU.Build.0 = Release|Any CPU
		{5D230F24-72E9-4515-8402-DE09EB054A3F}.Release|x64.ActiveCfg = Release|Any CPU
		{5D230F24-72E9-4515-8402-DE09EB054A3F}.Release|x64.Build.0 = Release|Any CPU
		{5D230F24-72E9-4515-8402-DE09EB054A3F}.Release|x86.ActiveCfg = Release|Any CPU
		{5D230F24-72E9-4515-8402-DE09EB054A3F}.Release|x86.Build.0 = Release|Any CPU
		{C958D96D-F438-4007-90FD-49350C49C152}.Debug|Any CPU.ActiveCfg = Debug|Any CPU
		{C958D96D-F438-4007-90FD-49350C49C152}.Debug|Any CPU.Build.0 = Debug|Any CPU
		{C958D96D-F438-4007-90FD-49350C49C152}.Debug|x64.ActiveCfg = Debug|Any CPU
		{C958D96D-F438-4007-90FD-49350C49C152}.Debug|x64.Build.0 = Debug|Any CPU
		{C958D96D-F438-4007-90FD-49350C49C152}.Debug|x86.ActiveCfg = Debug|Any CPU
		{C958D96D-F438-4007-90FD-49350C49C152}.Debug|x86.Build.0 = Debug|Any CPU
		{C958D96D-F438-4007-90FD-49350C49C152}.Release|Any CPU.ActiveCfg = Release|Any CPU
		{C958D96D-F438-4007-90FD-49350C49C152}.Release|Any CPU.Build.0 = Release|Any CPU
		{C958D96D-F438-4007-90FD-49350C49C152}.Release|x64.ActiveCfg = Release|Any CPU
		{C958D96D-F438-4007-90FD-49350C49C152}.Release|x64.Build.0 = Release|Any CPU
		{C958D96D-F438-4007-90FD-49350C49C152}.Release|x86.ActiveCfg = Release|Any CPU
		{C958D96D-F438-4007-90FD-49350C49C152}.Release|x86.Build.0 = Release|Any CPU
		{1AF99C50-D0B1-4FD8-92E9-C43D48765F4D}.Debug|Any CPU.ActiveCfg = Debug|Any CPU
		{1AF99C50-D0B1-4FD8-92E9-C43D48765F4D}.Debug|Any CPU.Build.0 = Debug|Any CPU
		{1AF99C50-D0B1-4FD8-92E9-C43D48765F4D}.Debug|x64.ActiveCfg = Debug|Any CPU
		{1AF99C50-D0B1-4FD8-92E9-C43D48765F4D}.Debug|x64.Build.0 = Debug|Any CPU
		{1AF99C50-D0B1-4FD8-92E9-C43D48765F4D}.Debug|x86.ActiveCfg = Debug|Any CPU
		{1AF99C50-D0B1-4FD8-92E9-C43D48765F4D}.Debug|x86.Build.0 = Debug|Any CPU
		{1AF99C50-D0B1-4FD8-92E9-C43D48765F4D}.Release|Any CPU.ActiveCfg = Release|Any CPU
		{1AF99C50-D0B1-4FD8-92E9-C43D48765F4D}.Release|Any CPU.Build.0 = Release|Any CPU
		{1AF99C50-D0B1-4FD8-92E9-C43D48765F4D}.Release|x64.ActiveCfg = Release|Any CPU
		{1AF99C50-D0B1-4FD8-92E9-C43D48765F4D}.Release|x64.Build.0 = Release|Any CPU
		{1AF99C50-D0B1-4FD8-92E9-C43D48765F4D}.Release|x86.ActiveCfg = Release|Any CPU
		{1AF99C50-D0B1-4FD8-92E9-C43D48765F4D}.Release|x86.Build.0 = Release|Any CPU
		{0AEE4C5D-EECC-42F1-8C70-7DE6FA081174}.Debug|Any CPU.ActiveCfg = Debug|Any CPU
		{0AEE4C5D-EECC-42F1-8C70-7DE6FA081174}.Debug|Any CPU.Build.0 = Debug|Any CPU
		{0AEE4C5D-EECC-42F1-8C70-7DE6FA081174}.Debug|x64.ActiveCfg = Debug|Any CPU
		{0AEE4C5D-EECC-42F1-8C70-7DE6FA081174}.Debug|x64.Build.0 = Debug|Any CPU
		{0AEE4C5D-EECC-42F1-8C70-7DE6FA081174}.Debug|x86.ActiveCfg = Debug|Any CPU
		{0AEE4C5D-EECC-42F1-8C70-7DE6FA081174}.Debug|x86.Build.0 = Debug|Any CPU
		{0AEE4C5D-EECC-42F1-8C70-7DE6FA081174}.Release|Any CPU.ActiveCfg = Release|Any CPU
		{0AEE4C5D-EECC-42F1-8C70-7DE6FA081174}.Release|Any CPU.Build.0 = Release|Any CPU
		{0AEE4C5D-EECC-42F1-8C70-7DE6FA081174}.Release|x64.ActiveCfg = Release|Any CPU
		{0AEE4C5D-EECC-42F1-8C70-7DE6FA081174}.Release|x64.Build.0 = Release|Any CPU
		{0AEE4C5D-EECC-42F1-8C70-7DE6FA081174}.Release|x86.ActiveCfg = Release|Any CPU
		{0AEE4C5D-EECC-42F1-8C70-7DE6FA081174}.Release|x86.Build.0 = Release|Any CPU
		{0D833255-0776-4AFE-A41F-A442C4292A2F}.Debug|Any CPU.ActiveCfg = Debug|Any CPU
		{0D833255-0776-4AFE-A41F-A442C4292A2F}.Debug|Any CPU.Build.0 = Debug|Any CPU
		{0D833255-0776-4AFE-A41F-A442C4292A2F}.Debug|x64.ActiveCfg = Debug|Any CPU
		{0D833255-0776-4AFE-A41F-A442C4292A2F}.Debug|x64.Build.0 = Debug|Any CPU
		{0D833255-0776-4AFE-A41F-A442C4292A2F}.Debug|x86.ActiveCfg = Debug|Any CPU
		{0D833255-0776-4AFE-A41F-A442C4292A2F}.Debug|x86.Build.0 = Debug|Any CPU
		{0D833255-0776-4AFE-A41F-A442C4292A2F}.Release|Any CPU.ActiveCfg = Release|Any CPU
		{0D833255-0776-4AFE-A41F-A442C4292A2F}.Release|Any CPU.Build.0 = Release|Any CPU
		{0D833255-0776-4AFE-A41F-A442C4292A2F}.Release|x64.ActiveCfg = Release|Any CPU
		{0D833255-0776-4AFE-A41F-A442C4292A2F}.Release|x64.Build.0 = Release|Any CPU
		{0D833255-0776-4AFE-A41F-A442C4292A2F}.Release|x86.ActiveCfg = Release|Any CPU
		{0D833255-0776-4AFE-A41F-A442C4292A2F}.Release|x86.Build.0 = Release|Any CPU
		{356CC526-D64D-463D-8D3C-2F136B472E02}.Debug|Any CPU.ActiveCfg = Debug|Any CPU
		{356CC526-D64D-463D-8D3C-2F136B472E02}.Debug|Any CPU.Build.0 = Debug|Any CPU
		{356CC526-D64D-463D-8D3C-2F136B472E02}.Debug|x64.ActiveCfg = Debug|Any CPU
		{356CC526-D64D-463D-8D3C-2F136B472E02}.Debug|x64.Build.0 = Debug|Any CPU
		{356CC526-D64D-463D-8D3C-2F136B472E02}.Debug|x86.ActiveCfg = Debug|Any CPU
		{356CC526-D64D-463D-8D3C-2F136B472E02}.Debug|x86.Build.0 = Debug|Any CPU
		{356CC526-D64D-463D-8D3C-2F136B472E02}.Release|Any CPU.ActiveCfg = Release|Any CPU
		{356CC526-D64D-463D-8D3C-2F136B472E02}.Release|Any CPU.Build.0 = Release|Any CPU
		{356CC526-D64D-463D-8D3C-2F136B472E02}.Release|x64.ActiveCfg = Release|Any CPU
		{356CC526-D64D-463D-8D3C-2F136B472E02}.Release|x64.Build.0 = Release|Any CPU
		{356CC526-D64D-463D-8D3C-2F136B472E02}.Release|x86.ActiveCfg = Release|Any CPU
		{356CC526-D64D-463D-8D3C-2F136B472E02}.Release|x86.Build.0 = Release|Any CPU
	EndGlobalSection
	GlobalSection(SolutionProperties) = preSolution
		HideSolutionNode = FALSE
	EndGlobalSection
	GlobalSection(NestedProjects) = preSolution
		{2ACCB4D9-3FBE-4D1F-A74E-EDB747B3F805} = {4EBC7B20-0B3C-4DC4-8D8F-AF6F5860BA93}
		{10583C40-F708-4230-A777-2E33B2E7B3F5} = {4EBC7B20-0B3C-4DC4-8D8F-AF6F5860BA93}
		{D04B8EE6-0B72-42BD-A66B-383FE7D79D43} = {4EBC7B20-0B3C-4DC4-8D8F-AF6F5860BA93}
		{E86A2EF4-ABF2-4BC1-8505-A30AAAE2C636} = {4EBC7B20-0B3C-4DC4-8D8F-AF6F5860BA93}
		{7E4AE2C4-C32C-4221-9E3A-D6E754DAEDA1} = {4EBC7B20-0B3C-4DC4-8D8F-AF6F5860BA93}
		{B6607E2E-15FF-4142-8C87-3921BF9378A1} = {4EBC7B20-0B3C-4DC4-8D8F-AF6F5860BA93}
		{E2DFC4CF-EEB6-4CC6-89AF-894E1136CD37} = {4EBC7B20-0B3C-4DC4-8D8F-AF6F5860BA93}
		{48F35D8F-17E2-46F7-A8B6-D6EC534653EB} = {4EBC7B20-0B3C-4DC4-8D8F-AF6F5860BA93}
		{322E2268-08E3-4DD5-88CA-40895F3E88E1} = {4EBC7B20-0B3C-4DC4-8D8F-AF6F5860BA93}
		{41063254-AF10-4650-9F14-1D32F52CF8BB} = {4EBC7B20-0B3C-4DC4-8D8F-AF6F5860BA93}
		{038B57A9-5E8E-42EE-9F97-CFE584EA7549} = {4EBC7B20-0B3C-4DC4-8D8F-AF6F5860BA93}
		{31507D84-9F15-4B91-82F3-3D053621C9AC} = {4EBC7B20-0B3C-4DC4-8D8F-AF6F5860BA93}
		{C77488FB-29DE-4F61-8F16-8B0C54498C34} = {4EBC7B20-0B3C-4DC4-8D8F-AF6F5860BA93}
		{47DBFD16-BD45-420E-B7E3-BFD969B9433F} = {4EBC7B20-0B3C-4DC4-8D8F-AF6F5860BA93}
		{82822C33-610F-45DC-87C8-0F7548793640} = {4EBC7B20-0B3C-4DC4-8D8F-AF6F5860BA93}
		{B1B119F2-B1C7-4B99-8A9F-C350617C22EA} = {4EBC7B20-0B3C-4DC4-8D8F-AF6F5860BA93}
		{9C03CDCC-8EB2-4EC4-8242-A033105EA9F7} = {4EBC7B20-0B3C-4DC4-8D8F-AF6F5860BA93}
		{6A900E1C-8C4A-4840-A267-5CB19689307D} = {4EBC7B20-0B3C-4DC4-8D8F-AF6F5860BA93}
		{FEA87ACF-B46A-4ED4-9D21-4EC8BE509AE0} = {4EBC7B20-0B3C-4DC4-8D8F-AF6F5860BA93}
		{BD92B168-A080-4C48-8068-526219BE562F} = {4EBC7B20-0B3C-4DC4-8D8F-AF6F5860BA93}
		{8E287407-3147-4096-BDAD-7ADFADB9DA8A} = {4EBC7B20-0B3C-4DC4-8D8F-AF6F5860BA93}
		{3D09AB41-E3E8-4B1A-92A8-A80F198A602B} = {4EBC7B20-0B3C-4DC4-8D8F-AF6F5860BA93}
		{B29A9955-C6AC-437D-BA56-5389C9299B72} = {4EBC7B20-0B3C-4DC4-8D8F-AF6F5860BA93}
		{227C0629-5E95-4B15-B3F4-EB6139FAD9B1} = {4EBC7B20-0B3C-4DC4-8D8F-AF6F5860BA93}
		{AD8BA3DA-00E3-40BA-B02A-EF9F9721F439} = {4EBC7B20-0B3C-4DC4-8D8F-AF6F5860BA93}
		{72856309-5096-48AD-A19D-B008202395B7} = {4EBC7B20-0B3C-4DC4-8D8F-AF6F5860BA93}
		{CDE10FB3-6380-4313-AEC3-8AE91047A8EE} = {4EBC7B20-0B3C-4DC4-8D8F-AF6F5860BA93}
		{F5383D5A-2DDE-44F1-B211-E1783CC35210} = {4EBC7B20-0B3C-4DC4-8D8F-AF6F5860BA93}
		{4F59E4A5-2C1A-4052-9549-E1F8719AFA9B} = {4EBC7B20-0B3C-4DC4-8D8F-AF6F5860BA93}
		{26AC4D49-C7C3-43F5-9F3D-D27696565176} = {4EBC7B20-0B3C-4DC4-8D8F-AF6F5860BA93}
		{7140B1C4-45AA-4680-9881-EB83BFC26EFF} = {4EBC7B20-0B3C-4DC4-8D8F-AF6F5860BA93}
		{FFC35AA5-0112-4EC1-A301-F02FFF8F5891} = {4EBC7B20-0B3C-4DC4-8D8F-AF6F5860BA93}
		{AF25481C-2270-438A-8FF2-7A746AEF8856} = {4EBC7B20-0B3C-4DC4-8D8F-AF6F5860BA93}
		{5B65BB95-8D0B-4D59-A8F7-1EAA01E914A3} = {4EBC7B20-0B3C-4DC4-8D8F-AF6F5860BA93}
		{B5FEE6CB-9F8F-4C0A-92DB-039928AD96A4} = {4EBC7B20-0B3C-4DC4-8D8F-AF6F5860BA93}
		{60CFAEA5-C586-4B00-8DE6-EFC78F8B857F} = {4EBC7B20-0B3C-4DC4-8D8F-AF6F5860BA93}
		{241E29A0-1104-47D9-84B9-4E07296C3F7A} = {4EBC7B20-0B3C-4DC4-8D8F-AF6F5860BA93}
		{B5AF6F52-828A-4FA8-AA6D-69737E44C933} = {4EBC7B20-0B3C-4DC4-8D8F-AF6F5860BA93}
		{8EB26A03-5715-4EB5-A9EC-03F761FB426B} = {4EBC7B20-0B3C-4DC4-8D8F-AF6F5860BA93}
		{5D230F24-72E9-4515-8402-DE09EB054A3F} = {4EBC7B20-0B3C-4DC4-8D8F-AF6F5860BA93}
		{C958D96D-F438-4007-90FD-49350C49C152} = {4EBC7B20-0B3C-4DC4-8D8F-AF6F5860BA93}
		{1AF99C50-D0B1-4FD8-92E9-C43D48765F4D} = {4EBC7B20-0B3C-4DC4-8D8F-AF6F5860BA93}
		{0AEE4C5D-EECC-42F1-8C70-7DE6FA081174} = {4EBC7B20-0B3C-4DC4-8D8F-AF6F5860BA93}
		{0D833255-0776-4AFE-A41F-A442C4292A2F} = {4EBC7B20-0B3C-4DC4-8D8F-AF6F5860BA93}
		{356CC526-D64D-463D-8D3C-2F136B472E02} = {4EBC7B20-0B3C-4DC4-8D8F-AF6F5860BA93}
	EndGlobalSection
	GlobalSection(ExtensibilityGlobals) = postSolution
		SolutionGuid = {BD5F20AA-F999-4FCE-8683-DFBF1D601C1D}
	EndGlobalSection
EndGlobal
